// !$*UTF8*$!
{
	archiveVersion = 1;
	classes = {
	};
	objectVersion = 46;
	objects = {

/* Begin PBXContainerItemProxy section */
		F0F7418E1DECB94A000E5F16 /* PBXContainerItemProxy */ = {
			isa = PBXContainerItemProxy;
			containerPortal = F0F741831DECB94A000E5F16 /* SQLite.xcodeproj */;
			proxyType = 2;
			remoteGlobalIDString = EE247AD31C3F04ED00AE3E12;
			remoteInfo = "SQLite iOS";
		};
		F0F741901DECB94A000E5F16 /* PBXContainerItemProxy */ = {
			isa = PBXContainerItemProxy;
			containerPortal = F0F741831DECB94A000E5F16 /* SQLite.xcodeproj */;
			proxyType = 2;
			remoteGlobalIDString = EE247ADD1C3F04ED00AE3E12;
			remoteInfo = "SQLiteTests iOS";
		};
		F0F741921DECB94A000E5F16 /* PBXContainerItemProxy */ = {
			isa = PBXContainerItemProxy;
			containerPortal = F0F741831DECB94A000E5F16 /* SQLite.xcodeproj */;
			proxyType = 2;
			remoteGlobalIDString = EE247B3C1C3F3ED000AE3E12;
			remoteInfo = "SQLite Mac";
		};
		F0F741941DECB94A000E5F16 /* PBXContainerItemProxy */ = {
			isa = PBXContainerItemProxy;
			containerPortal = F0F741831DECB94A000E5F16 /* SQLite.xcodeproj */;
			proxyType = 2;
			remoteGlobalIDString = EE247B451C3F3ED000AE3E12;
			remoteInfo = "SQLiteTests Mac";
		};
		F0F741961DECB94A000E5F16 /* PBXContainerItemProxy */ = {
			isa = PBXContainerItemProxy;
			containerPortal = F0F741831DECB94A000E5F16 /* SQLite.xcodeproj */;
			proxyType = 2;
			remoteGlobalIDString = 03A65E5A1C6BB0F50062603F;
			remoteInfo = "SQLite tvOS";
		};
		F0F741981DECB94A000E5F16 /* PBXContainerItemProxy */ = {
			isa = PBXContainerItemProxy;
			containerPortal = F0F741831DECB94A000E5F16 /* SQLite.xcodeproj */;
			proxyType = 2;
			remoteGlobalIDString = 03A65E631C6BB0F60062603F;
			remoteInfo = "SQLiteTests tvOS";
		};
		F0F7419A1DECB94A000E5F16 /* PBXContainerItemProxy */ = {
			isa = PBXContainerItemProxy;
			containerPortal = F0F741831DECB94A000E5F16 /* SQLite.xcodeproj */;
			proxyType = 2;
			remoteGlobalIDString = A121AC451CA35C79005A31D1;
			remoteInfo = "SQLite watchOS";
		};
/* End PBXContainerItemProxy section */

/* Begin PBXFileReference section */
		F0F741731DECB94A000E5F16 /* .DS_Store */ = {isa = PBXFileReference; lastKnownFileType = file; path = .DS_Store; sourceTree = "<group>"; };
		F0F741741DECB94A000E5F16 /* .gitignore */ = {isa = PBXFileReference; lastKnownFileType = text; path = .gitignore; sourceTree = "<group>"; };
		F0F741751DECB94A000E5F16 /* .gitmodules */ = {isa = PBXFileReference; lastKnownFileType = text; path = .gitmodules; sourceTree = "<group>"; };
		F0F741761DECB94A000E5F16 /* .swift-version */ = {isa = PBXFileReference; lastKnownFileType = text; path = ".swift-version"; sourceTree = "<group>"; };
		F0F741771DECB94A000E5F16 /* .travis.yml */ = {isa = PBXFileReference; lastKnownFileType = text; path = .travis.yml; sourceTree = "<group>"; };
		F0F741781DECB94A000E5F16 /* CocoaPods */ = {isa = PBXFileReference; lastKnownFileType = folder; path = CocoaPods; sourceTree = "<group>"; };
		F0F741791DECB94A000E5F16 /* CocoaPodsTests */ = {isa = PBXFileReference; lastKnownFileType = folder; path = CocoaPodsTests; sourceTree = "<group>"; };
		F0F7417A1DECB94A000E5F16 /* CONTRIBUTING.md */ = {isa = PBXFileReference; lastKnownFileType = net.daringfireball.markdown; path = CONTRIBUTING.md; sourceTree = "<group>"; };
		F0F7417B1DECB94A000E5F16 /* Documentation */ = {isa = PBXFileReference; lastKnownFileType = folder; path = Documentation; sourceTree = "<group>"; };
		F0F7417C1DECB94A000E5F16 /* LICENSE.txt */ = {isa = PBXFileReference; lastKnownFileType = text; path = LICENSE.txt; sourceTree = "<group>"; };
		F0F7417D1DECB94A000E5F16 /* Makefile */ = {isa = PBXFileReference; lastKnownFileType = sourcecode.make; path = Makefile; sourceTree = "<group>"; };
		F0F7417E1DECB94A000E5F16 /* README.md */ = {isa = PBXFileReference; lastKnownFileType = net.daringfireball.markdown; path = README.md; sourceTree = "<group>"; };
		F0F7417F1DECB94A000E5F16 /* run-tests.sh */ = {isa = PBXFileReference; lastKnownFileType = text.script.sh; path = "run-tests.sh"; sourceTree = "<group>"; };
		F0F741801DECB94A000E5F16 /* SQLite */ = {isa = PBXFileReference; lastKnownFileType = folder; path = SQLite; sourceTree = "<group>"; };
		F0F741811DECB94A000E5F16 /* SQLite.playground */ = {isa = PBXFileReference; lastKnownFileType = file.playground; path = SQLite.playground; sourceTree = "<group>"; };
		F0F741821DECB94A000E5F16 /* SQLite.swift.podspec */ = {isa = PBXFileReference; lastKnownFileType = text; path = SQLite.swift.podspec; sourceTree = "<group>"; };
		F0F741831DECB94A000E5F16 /* SQLite.xcodeproj */ = {isa = PBXFileReference; lastKnownFileType = "wrapper.pb-project"; path = SQLite.xcodeproj; sourceTree = "<group>"; };
		F0F741861DECB94A000E5F16 /* SQLiteTests */ = {isa = PBXFileReference; lastKnownFileType = folder; path = SQLiteTests; sourceTree = "<group>"; };
/* End PBXFileReference section */

/* Begin PBXGroup section */
		F0F7416D1DECB94A000E5F16 = {
			isa = PBXGroup;
			children = (
				F0F741731DECB94A000E5F16 /* .DS_Store */,
				F0F741741DECB94A000E5F16 /* .gitignore */,
				F0F741751DECB94A000E5F16 /* .gitmodules */,
				F0F741761DECB94A000E5F16 /* .swift-version */,
				F0F741771DECB94A000E5F16 /* .travis.yml */,
				F0F741781DECB94A000E5F16 /* CocoaPods */,
				F0F741791DECB94A000E5F16 /* CocoaPodsTests */,
				F0F7417A1DECB94A000E5F16 /* CONTRIBUTING.md */,
				F0F7417B1DECB94A000E5F16 /* Documentation */,
				F0F7417C1DECB94A000E5F16 /* LICENSE.txt */,
				F0F7417D1DECB94A000E5F16 /* Makefile */,
				F0F7417E1DECB94A000E5F16 /* README.md */,
				F0F7417F1DECB94A000E5F16 /* run-tests.sh */,
				F0F741801DECB94A000E5F16 /* SQLite */,
				F0F741811DECB94A000E5F16 /* SQLite.playground */,
				F0F741821DECB94A000E5F16 /* SQLite.swift.podspec */,
				F0F741831DECB94A000E5F16 /* SQLite.xcodeproj */,
				F0F741861DECB94A000E5F16 /* SQLiteTests */,
			);
			sourceTree = "<group>";
		};
		F0F741841DECB94A000E5F16 /* Products */ = {
			isa = PBXGroup;
			children = (
				F0F7418F1DECB94A000E5F16 /* SQLite.framework */,
				F0F741911DECB94A000E5F16 /* SQLiteTests iOS.xctest */,
				F0F741931DECB94A000E5F16 /* SQLite.framework */,
				F0F741951DECB94A000E5F16 /* SQLiteTests Mac.xctest */,
				F0F741971DECB94A000E5F16 /* SQLite.framework */,
				F0F741991DECB94A000E5F16 /* SQLiteTests tvOS.xctest */,
				F0F7419B1DECB94A000E5F16 /* SQLite.framework */,
			);
			name = Products;
			sourceTree = "<group>";
		};
/* End PBXGroup section */

/* Begin PBXLegacyTarget section */
		F0F741721DECB94A000E5F16 /* SQLite.swift-master */ = {
			isa = PBXLegacyTarget;
			buildArgumentsString = "$(ACTION)";
			buildConfigurationList = F0F7419C1DECB94A000E5F16 /* Build configuration list for PBXLegacyTarget "SQLite.swift-master" */;
			buildPhases = (
			);
			buildToolPath = /usr/bin/make;
			buildWorkingDirectory = "/Users/melissatjhia/Documents/jaar3ki/Semester1/NativeAppStudio/melissatjhia-pset5/melissatjhia-pset5/SQLite.swift-master";
			dependencies = (
			);
			name = "SQLite.swift-master";
			passBuildSettingsInEnvironment = 1;
			productName = "SQLite.swift-master";
		};
/* End PBXLegacyTarget section */

/* Begin PBXProject section */
		F0F7416E1DECB94A000E5F16 /* Project object */ = {
			isa = PBXProject;
			attributes = {
			};
			buildConfigurationList = F0F741711DECB94A000E5F16 /* Build configuration list for PBXProject "SQLite.swift-master" */;
			compatibilityVersion = "Xcode 3.2";
			developmentRegion = English;
			hasScannedForEncodings = 0;
			knownRegions = (
				en,
			);
			mainGroup = F0F7416D1DECB94A000E5F16;
			projectDirPath = "";
			projectReferences = (
				{
					ProductGroup = F0F741841DECB94A000E5F16 /* Products */;
					ProjectRef = F0F741831DECB94A000E5F16 /* SQLite.xcodeproj */;
				},
			);
			projectRoot = "";
			targets = (
				F0F741721DECB94A000E5F16 /* SQLite.swift-master */,
			);
		};
/* End PBXProject section */

/* Begin PBXReferenceProxy section */
		F0F7418F1DECB94A000E5F16 /* SQLite.framework */ = {
			isa = PBXReferenceProxy;
			fileType = wrapper.framework;
			path = SQLite.framework;
			remoteRef = F0F7418E1DECB94A000E5F16 /* PBXContainerItemProxy */;
			sourceTree = BUILT_PRODUCTS_DIR;
		};
		F0F741911DECB94A000E5F16 /* SQLiteTests iOS.xctest */ = {
			isa = PBXReferenceProxy;
			fileType = wrapper.cfbundle;
			path = "SQLiteTests iOS.xctest";
			remoteRef = F0F741901DECB94A000E5F16 /* PBXContainerItemProxy */;
			sourceTree = BUILT_PRODUCTS_DIR;
		};
		F0F741931DECB94A000E5F16 /* SQLite.framework */ = {
			isa = PBXReferenceProxy;
			fileType = wrapper.framework;
			path = SQLite.framework;
			remoteRef = F0F741921DECB94A000E5F16 /* PBXContainerItemProxy */;
			sourceTree = BUILT_PRODUCTS_DIR;
		};
		F0F741951DECB94A000E5F16 /* SQLiteTests Mac.xctest */ = {
			isa = PBXReferenceProxy;
			fileType = wrapper.cfbundle;
			path = "SQLiteTests Mac.xctest";
			remoteRef = F0F741941DECB94A000E5F16 /* PBXContainerItemProxy */;
			sourceTree = BUILT_PRODUCTS_DIR;
		};
		F0F741971DECB94A000E5F16 /* SQLite.framework */ = {
			isa = PBXReferenceProxy;
			fileType = wrapper.framework;
			path = SQLite.framework;
			remoteRef = F0F741961DECB94A000E5F16 /* PBXContainerItemProxy */;
			sourceTree = BUILT_PRODUCTS_DIR;
		};
		F0F741991DECB94A000E5F16 /* SQLiteTests tvOS.xctest */ = {
			isa = PBXReferenceProxy;
			fileType = wrapper.cfbundle;
			path = "SQLiteTests tvOS.xctest";
			remoteRef = F0F741981DECB94A000E5F16 /* PBXContainerItemProxy */;
			sourceTree = BUILT_PRODUCTS_DIR;
		};
		F0F7419B1DECB94A000E5F16 /* SQLite.framework */ = {
			isa = PBXReferenceProxy;
			fileType = wrapper.framework;
			path = SQLite.framework;
			remoteRef = F0F7419A1DECB94A000E5F16 /* PBXContainerItemProxy */;
			sourceTree = BUILT_PRODUCTS_DIR;
		};
/* End PBXReferenceProxy section */

/* Begin XCBuildConfiguration section */
		F0F7416F1DECB94A000E5F16 /* Debug */ = {
			isa = XCBuildConfiguration;
			buildSettings = {
				ARCHS = "$(ARCHS_STANDARD_32_BIT)";
				COPY_PHASE_STRIP = NO;
				GCC_WARN_ABOUT_RETURN_TYPE = YES;
				GCC_WARN_UNUSED_VARIABLE = YES;
				ONLY_ACTIVE_ARCH = YES;
				SDKROOT = macosx10.6;
			};
			name = Debug;
		};
		F0F741701DECB94A000E5F16 /* Release */ = {
			isa = XCBuildConfiguration;
			buildSettings = {
				ARCHS = "$(ARCHS_STANDARD_32_BIT)";
				COPY_PHASE_STRIP = YES;
				GCC_WARN_ABOUT_RETURN_TYPE = YES;
				GCC_WARN_UNUSED_VARIABLE = YES;
				SDKROOT = macosx10.6;
			};
			name = Release;
		};
		F0F7419D1DECB94A000E5F16 /* Debug */ = {
			isa = XCBuildConfiguration;
			buildSettings = {
				COPY_PHASE_STRIP = NO;
				DEBUGGING_SYMBOLS = YES;
				GCC_DYNAMIC_NO_PIC = NO;
				GCC_ENABLE_FIX_AND_CONTINUE = YES;
				GCC_GENERATE_DEBUGGING_SYMBOLS = YES;
				GCC_OPTIMIZATION_LEVEL = 0;
				OTHER_CFLAGS = "";
				OTHER_LDFLAGS = "";
				PRODUCT_NAME = "SQLite.swift-master";
			};
			name = Debug;
		};
		F0F7419E1DECB94A000E5F16 /* Release */ = {
			isa = XCBuildConfiguration;
			buildSettings = {
				COPY_PHASE_STRIP = YES;
				DEBUG_INFORMATION_FORMAT = "dwarf-with-dsym";
				GCC_ENABLE_FIX_AND_CONTINUE = NO;
				OTHER_CFLAGS = "";
				OTHER_LDFLAGS = "";
				PRODUCT_NAME = "SQLite.swift-master";
			};
			name = Release;
		};
/* End XCBuildConfiguration section */

/* Begin XCConfigurationList section */
		F0F741711DECB94A000E5F16 /* Build configuration list for PBXProject "SQLite.swift-master" */ = {
			isa = XCConfigurationList;
			buildConfigurations = (
				F0F7416F1DECB94A000E5F16 /* Debug */,
				F0F741701DECB94A000E5F16 /* Release */,
			);
			defaultConfigurationIsVisible = 0;
			defaultConfigurationName = Release;
		};
		F0F7419C1DECB94A000E5F16 /* Build configuration list for PBXLegacyTarget "SQLite.swift-master" */ = {
			isa = XCConfigurationList;
			buildConfigurations = (
				F0F7419D1DECB94A000E5F16 /* Debug */,
				F0F7419E1DECB94A000E5F16 /* Release */,
			);
			defaultConfigurationIsVisible = 0;
			defaultConfigurationName = Release;
		};
/* End XCConfigurationList section */
	};
	rootObject = F0F7416E1DECB94A000E5F16 /* Project object */;
}
